
Microsoft Visual Studio Solution File, Format Version 12.00
# Visual Studio 15
VisualStudioVersion = 15.0.27130.2036
MinimumVisualStudioVersion = 10.0.40219.1
Project("{FAE04EC0-301F-11D3-BF4B-00C04F79EFBC}") = "Task3", "Task3\Task3.csproj", "{73C00925-4422-444A-BCBB-B8809100C778}"
EndProject
Global
	GlobalSection(SolutionConfigurationPlatforms) = preSolution
		Debug|Any CPU = Debug|Any CPU
		Release|Any CPU = Release|Any CPU
	EndGlobalSection
	GlobalSection(ProjectConfigurationPlatforms) = postSolution
		{73C00925-4422-444A-BCBB-B8809100C778}.Debug|Any CPU.ActiveCfg = Debug|Any CPU
		{73C00925-4422-444A-BCBB-B8809100C778}.Debug|Any CPU.Build.0 = Debug|Any CPU
		{73C00925-4422-444A-BCBB-B8809100C778}.Release|Any CPU.ActiveCfg = Release|Any CPU
		{73C00925-4422-444A-BCBB-B8809100C778}.Release|Any CPU.Build.0 = Release|Any CPU
	EndGlobalSection
	GlobalSection(SolutionProperties) = preSolution
		HideSolutionNode = FALSE
	EndGlobalSection
	GlobalSection(ExtensibilityGlobals) = postSolution
		SolutionGuid = {3B61CBEF-C92E-483F-83A7-D9FC283EE133}
	EndGlobalSection
EndGlobal
